
Microsoft Visual Studio Solution File, Format Version 12.00
# Visual Studio Version 17
VisualStudioVersion = 17.2.32616.157
MinimumVisualStudioVersion = 10.0.40219.1
Project("{FAE04EC0-301F-11D3-BF4B-00C04F79EFBC}") = "Notification", "Notification\Notification.csproj", "{62152667-2E34-4367-B221-03B63D319ABF}"
EndProject
Global
	GlobalSection(SolutionConfigurationPlatforms) = preSolution
		Debug|Any CPU = Debug|Any CPU
		Release|Any CPU = Release|Any CPU
	EndGlobalSection
	GlobalSection(ProjectConfigurationPlatforms) = postSolution
		{62152667-2E34-4367-B221-03B63D319ABF}.Debug|Any CPU.ActiveCfg = Debug|Any CPU
		{62152667-2E34-4367-B221-03B63D319ABF}.Debug|Any CPU.Build.0 = Debug|Any CPU
		{62152667-2E34-4367-B221-03B63D319ABF}.Release|Any CPU.ActiveCfg = Release|Any CPU
		{62152667-2E34-4367-B221-03B63D319ABF}.Release|Any CPU.Build.0 = Release|Any CPU
	EndGlobalSection
	GlobalSection(SolutionProperties) = preSolution
		HideSolutionNode = FALSE
	EndGlobalSection
	GlobalSection(ExtensibilityGlobals) = postSolution
		SolutionGuid = {7D7AC01E-345D-4FB4-A1CA-D79D9647373F}
	EndGlobalSection
EndGlobal
